{
    "_meta": {
        "hash": {
            "sha256": "7a2c25ca4787259755f2475105515f278eaaf23e9e71e2258a349f8801094ea3"
        },
        "host-environment-markers": {
            "implementation_name": "cpython",
            "implementation_version": "3.5.2",
            "os_name": "posix",
            "platform_machine": "x86_64",
            "platform_python_implementation": "CPython",
            "platform_release": "4.4.0-43-Microsoft",
            "platform_system": "Linux",
            "platform_version": "#1-Microsoft Wed Dec 31 14:42:53 PST 2014",
            "python_full_version": "3.5.2",
            "python_version": "3.5",
            "sys_platform": "linux"
        },
        "pipfile-spec": 6,
        "requires": {},
        "sources": [
            {
                "name": "pypi",
                "url": "https://pypi.python.org/simple",
                "verify_ssl": true
            }
        ]
    },
    "default": {
        "blinker": {
            "hashes": [
                "sha256:471aee25f3992bd325afa3772f1063dbdbbca947a041b8b89466dc00d606f8b6"
            ],
            "version": "==1.4"
        },
        "docutils": {
            "hashes": [
                "sha256:7a4bd47eaf6596e1295ecb11361139febe29b084a87bf005bf899f9a42edc3c6",
                "sha256:02aec4bd92ab067f6ff27a38a38a41173bf01bed8f89157768c1573f53e474a6",
                "sha256:51e64ef2ebfb29cae1faa133b3710143496eca21c530f3f71424d77687764274"
            ],
            "version": "==0.14"
        },
        "feedgenerator": {
            "hashes": [
                "sha256:5ae05daa9cfa47fa406ee4744d0b7fa1c8a05a7a47ee0ad328ddf55327cfb106"
            ],
            "version": "==1.9"
        },
        "ghp-import": {
            "hashes": [
                "sha256:3e924ea720e4e1f82d56753db2154bfb86067472c5830732159c3a4c4fbc75d7"
            ],
            "version": "==0.5.5"
        },
        "jinja2": {
            "hashes": [
                "sha256:74c935a1b8bb9a3947c50a54766a969d4846290e1e788ea44c1392163723c3bd",
                "sha256:f84be1bb0040caca4cea721fcbbbbd61f9be9464ca236387158b0feea01914a4"
            ],
            "version": "==2.10"
        },
        "markupsafe": {
            "hashes": [
                "sha256:a6be69091dac236ea9c6bc7d012beab42010fa914c459791d627dad4910eb665"
            ],
            "version": "==1.0"
        },
        "pelican": {
            "hashes": [
                "sha256:0f40b4e150522666e620bf3282cde1277b0edfb39e7e3eedc84851faadcd17d3",
                "sha256:1e67254b28128be98fc9999b405f9c5c8e8a2a1c4d6174ce91f0020c76757969"
            ],
            "version": "==3.3"
        },
        "pygments": {
            "hashes": [
                "sha256:78f3f434bcc5d6ee09020f92ba487f95ba50f1e3ef83ae96b9d5ffa1bab25c5d",
                "sha256:dbae1046def0efb574852fab9e90209b23f556367b5a320c0bcb871c77c3e8cc"
            ],
            "version": "==2.2.0"
        },
        "pytz": {
            "hashes": [
                "sha256:ed6509d9af298b7995d69a440e2822288f2eca1681b8cce37673dbb10091e5fe",
                "sha256:f93ddcdd6342f94cea379c73cddb5724e0d6d0a1c91c9bdef364dc0368ba4fda",
                "sha256:61242a9abc626379574a166dc0e96a66cd7c3b27fc10868003fa210be4bff1c9",
                "sha256:ba18e6a243b3625513d85239b3e49055a2f0318466e0b8a92b8fb8ca7ccdf55f",
                "sha256:07edfc3d4d2705a20a6e99d97f0c4b61c800b8232dc1c04d87e8554f130148dd",
                "sha256:3a47ff71597f821cd84a162e71593004286e5be07a340fd462f0d33a760782b5",
                "sha256:5bd55c744e6feaa4d599a6cbd8228b4f8f9ba96de2c38d56f08e534b3c9edf0d",
                "sha256:887ab5e5b32e4d0c86efddd3d055c1f363cbaa583beb8da5e22d2fa2f64d51ef",
                "sha256:410bcd1d6409026fbaa65d9ed33bf6dd8b1e94a499e32168acfc7b332e4095c0"
            ],
            "version": "==2018.3"
        },
        "six": {
            "hashes": [
                "sha256:832dc0e10feb1aa2c68dcc57dbb658f1c7e65b9b61af69048abc87a2db00a0eb",
                "sha256:70e8a77beed4562e7f14fe23a786b54f6296e34344c23bc42f07b15018ff98e9"
            ],
            "version": "==1.11.0"
        },
        "unidecode": {
            "hashes": [
                "sha256:72f49d3729f3d8f5799f710b97c1451c5163102e76d64d20e170aedbbd923582",
                "sha256:8c33dd588e0c9bc22a76eaa0c715a5434851f726131bd44a6c26471746efabf5"
            ],
            "version": "==1.0.22"
        }
    },
    "develop": {}
}
